<Solution>
  <Folder Name="/src/">
    <Project Path="src/__NAME__.API/__NAME__.API.csproj" />
    <Project Path="src/__NAME__.Application/__NAME__.Application.csproj" />
    <Project Path="src/__NAME__.Domain/__NAME__.Domain.csproj" />
    <Project Path="src/__NAME__.Infrastructure/__NAME__.Infrastructure.csproj" />
  </Folder>
  <Folder Name="/test/">
    <Project Path="test/__NAME__.Tests/__NAME__.Tests.csproj" />
  </Folder>
</Solution>
